
Microsoft Visual Studio Solution File, Format Version 12.00
# Visual Studio Version 17
VisualStudioVersion = 17.4.33122.133
MinimumVisualStudioVersion = 10.0.40219.1
Project("{FAE04EC0-301F-11D3-BF4B-00C04F79EFBC}") = "PrjProCompany", "PrjProCompany\PrjProCompany.csproj", "{DCBFCEEB-2AC7-455F-A449-A08248A481E3}"
EndProject
Global
	GlobalSection(SolutionConfigurationPlatforms) = preSolution
		Debug|Any CPU = Debug|Any CPU
		Release|Any CPU = Release|Any CPU
	EndGlobalSection
	GlobalSection(ProjectConfigurationPlatforms) = postSolution
		{DCBFCEEB-2AC7-455F-A449-A08248A481E3}.Debug|Any CPU.ActiveCfg = Debug|Any CPU
		{DCBFCEEB-2AC7-455F-A449-A08248A481E3}.Debug|Any CPU.Build.0 = Debug|Any CPU
		{DCBFCEEB-2AC7-455F-A449-A08248A481E3}.Release|Any CPU.ActiveCfg = Release|Any CPU
		{DCBFCEEB-2AC7-455F-A449-A08248A481E3}.Release|Any CPU.Build.0 = Release|Any CPU
	EndGlobalSection
	GlobalSection(SolutionProperties) = preSolution
		HideSolutionNode = FALSE
	EndGlobalSection
	GlobalSection(ExtensibilityGlobals) = postSolution
		SolutionGuid = {3A34CCBB-7759-4C88-8098-3B4721E3319A}
	EndGlobalSection
EndGlobal
